
Microsoft Visual Studio Solution File, Format Version 12.00
# Visual Studio Version 16
VisualStudioVersion = 16.0.33529.622
MinimumVisualStudioVersion = 10.0.40219.1
Project("{FAE04EC0-301F-11D3-BF4B-00C04F79EFBC}") = "LastDay", "LastDay\LastDay.csproj", "{84AF9D52-F302-43BF-9045-811760CC8286}"
EndProject
Global
	GlobalSection(SolutionConfigurationPlatforms) = preSolution
		Debug|Any CPU = Debug|Any CPU
		Release|Any CPU = Release|Any CPU
	EndGlobalSection
	GlobalSection(ProjectConfigurationPlatforms) = postSolution
		{84AF9D52-F302-43BF-9045-811760CC8286}.Debug|Any CPU.ActiveCfg = Debug|Any CPU
		{84AF9D52-F302-43BF-9045-811760CC8286}.Debug|Any CPU.Build.0 = Debug|Any CPU
		{84AF9D52-F302-43BF-9045-811760CC8286}.Release|Any CPU.ActiveCfg = Release|Any CPU
		{84AF9D52-F302-43BF-9045-811760CC8286}.Release|Any CPU.Build.0 = Release|Any CPU
	EndGlobalSection
	GlobalSection(SolutionProperties) = preSolution
		HideSolutionNode = FALSE
	EndGlobalSection
	GlobalSection(ExtensibilityGlobals) = postSolution
		SolutionGuid = {3DB03D3F-04B8-48E1-BE5F-C07BBC2CE588}
	EndGlobalSection
EndGlobal
